// !$*UTF8*$!
{
	archiveVersion = 1;
	classes = {
	};
	objectVersion = 55;
	objects = {

/* Begin PBXBuildFile section */
		3635014828A65810009FF856 /* AppDelegate.swift in Sources */ = {isa = PBXBuildFile; fileRef = 3635014728A65810009FF856 /* AppDelegate.swift */; };
		3635014A28A65810009FF856 /* SceneDelegate.swift in Sources */ = {isa = PBXBuildFile; fileRef = 3635014928A65810009FF856 /* SceneDelegate.swift */; };
		3635014C28A65810009FF856 /* JobListViewController.swift in Sources */ = {isa = PBXBuildFile; fileRef = 3635014B28A65810009FF856 /* JobListViewController.swift */; };
		3635015128A65811009FF856 /* Assets.xcassets in Resources */ = {isa = PBXBuildFile; fileRef = 3635015028A65811009FF856 /* Assets.xcassets */; };
		3635015428A65811009FF856 /* LaunchScreen.storyboard in Resources */ = {isa = PBXBuildFile; fileRef = 3635015228A65811009FF856 /* LaunchScreen.storyboard */; };
		3635015F28A65812009FF856 /* ReportTests.swift in Sources */ = {isa = PBXBuildFile; fileRef = 3635015E28A65812009FF856 /* ReportTests.swift */; };
		3635016928A65812009FF856 /* ReportUITests.swift in Sources */ = {isa = PBXBuildFile; fileRef = 3635016828A65812009FF856 /* ReportUITests.swift */; };
		3635016B28A65812009FF856 /* ReportUITestsLaunchTests.swift in Sources */ = {isa = PBXBuildFile; fileRef = 3635016A28A65812009FF856 /* ReportUITestsLaunchTests.swift */; };
		522638EE73EDAC3E7196EEDC /* Pods_ReportTests.framework in Frameworks */ = {isa = PBXBuildFile; fileRef = E59E1CF9591D003C0E7FBF3D /* Pods_ReportTests.framework */; };
		5E36DA6A48EF508584CD4662 /* Pods_Report_ReportUITests.framework in Frameworks */ = {isa = PBXBuildFile; fileRef = DF065A0D7324FCA4B75F2116 /* Pods_Report_ReportUITests.framework */; };
		9454275828A673F500A66AAB /* GoogleService-Info.plist in Resources */ = {isa = PBXBuildFile; fileRef = 9454275728A673F500A66AAB /* GoogleService-Info.plist */; };
		9454275A28A674A100A66AAB /* BaseTableViewController.swift in Sources */ = {isa = PBXBuildFile; fileRef = 9454275928A674A100A66AAB /* BaseTableViewController.swift */; };
		9454275C28A674A600A66AAB /* TableViewAdapter.swift in Sources */ = {isa = PBXBuildFile; fileRef = 9454275B28A674A600A66AAB /* TableViewAdapter.swift */; };
		9454276028A674DE00A66AAB /* KeyboardHelper.swift in Sources */ = {isa = PBXBuildFile; fileRef = 9454275F28A674DE00A66AAB /* KeyboardHelper.swift */; };
		9454276328A6766A00A66AAB /* BottomBar.swift in Sources */ = {isa = PBXBuildFile; fileRef = 9454276228A6766A00A66AAB /* BottomBar.swift */; };
		9454276428A6766A00A66AAB /* BottomBarButton.swift in Sources */ = {isa = PBXBuildFile; fileRef = 9454276128A6766A00A66AAB /* BottomBarButton.swift */; };
		9454276928A6787900A66AAB /* AddJobViewController.swift in Sources */ = {isa = PBXBuildFile; fileRef = 9454276828A6787900A66AAB /* AddJobViewController.swift */; };
		9454276C28A6789700A66AAB /* TitleImageSwitchCell.swift in Sources */ = {isa = PBXBuildFile; fileRef = 9454276B28A6789700A66AAB /* TitleImageSwitchCell.swift */; };
		9454276E28A678A700A66AAB /* TitleTextFieldCell.swift in Sources */ = {isa = PBXBuildFile; fileRef = 9454276D28A678A700A66AAB /* TitleTextFieldCell.swift */; };
		9454277028A678B100A66AAB /* TitleTextFieldCell.xib in Resources */ = {isa = PBXBuildFile; fileRef = 9454276F28A678B100A66AAB /* TitleTextFieldCell.xib */; };
		9454277228A678B900A66AAB /* TitleImageSwitchCell.xib in Resources */ = {isa = PBXBuildFile; fileRef = 9454277128A678B900A66AAB /* TitleImageSwitchCell.xib */; };
		9454277628A678E500A66AAB /* FirebaseManager.swift in Sources */ = {isa = PBXBuildFile; fileRef = 9454277528A678E500A66AAB /* FirebaseManager.swift */; };
		9454277928A6800B00A66AAB /* JobModel.swift in Sources */ = {isa = PBXBuildFile; fileRef = 9454277828A6800B00A66AAB /* JobModel.swift */; };
		F159F8F0DB81C42CA2BE5B13 /* Pods_Report.framework in Frameworks */ = {isa = PBXBuildFile; fileRef = 62AA716D56667F42DCA23B9E /* Pods_Report.framework */; };
/* End PBXBuildFile section */

/* Begin PBXContainerItemProxy section */
		3635015B28A65812009FF856 /* PBXContainerItemProxy */ = {
			isa = PBXContainerItemProxy;
			containerPortal = 3635013C28A65810009FF856 /* Project object */;
			proxyType = 1;
			remoteGlobalIDString = 3635014328A65810009FF856;
			remoteInfo = Report;
		};
		3635016528A65812009FF856 /* PBXContainerItemProxy */ = {
			isa = PBXContainerItemProxy;
			containerPortal = 3635013C28A65810009FF856 /* Project object */;
			proxyType = 1;
			remoteGlobalIDString = 3635014328A65810009FF856;
			remoteInfo = Report;
		};
/* End PBXContainerItemProxy section */

/* Begin PBXFileReference section */
		3635014428A65810009FF856 /* Report.app */ = {isa = PBXFileReference; explicitFileType = wrapper.application; includeInIndex = 0; path = Report.app; sourceTree = BUILT_PRODUCTS_DIR; };
		3635014728A65810009FF856 /* AppDelegate.swift */ = {isa = PBXFileReference; lastKnownFileType = sourcecode.swift; path = AppDelegate.swift; sourceTree = "<group>"; };
		3635014928A65810009FF856 /* SceneDelegate.swift */ = {isa = PBXFileReference; lastKnownFileType = sourcecode.swift; path = SceneDelegate.swift; sourceTree = "<group>"; };
		3635014B28A65810009FF856 /* JobListViewController.swift */ = {isa = PBXFileReference; lastKnownFileType = sourcecode.swift; path = JobListViewController.swift; sourceTree = "<group>"; };
		3635015028A65811009FF856 /* Assets.xcassets */ = {isa = PBXFileReference; lastKnownFileType = folder.assetcatalog; path = Assets.xcassets; sourceTree = "<group>"; };
		3635015328A65811009FF856 /* Base */ = {isa = PBXFileReference; lastKnownFileType = file.storyboard; name = Base; path = Base.lproj/LaunchScreen.storyboard; sourceTree = "<group>"; };
		3635015528A65811009FF856 /* Info.plist */ = {isa = PBXFileReference; lastKnownFileType = text.plist.xml; path = Info.plist; sourceTree = "<group>"; };
		3635015A28A65812009FF856 /* ReportTests.xctest */ = {isa = PBXFileReference; explicitFileType = wrapper.cfbundle; includeInIndex = 0; path = ReportTests.xctest; sourceTree = BUILT_PRODUCTS_DIR; };
		3635015E28A65812009FF856 /* ReportTests.swift */ = {isa = PBXFileReference; lastKnownFileType = sourcecode.swift; path = ReportTests.swift; sourceTree = "<group>"; };
		3635016428A65812009FF856 /* ReportUITests.xctest */ = {isa = PBXFileReference; explicitFileType = wrapper.cfbundle; includeInIndex = 0; path = ReportUITests.xctest; sourceTree = BUILT_PRODUCTS_DIR; };
		3635016828A65812009FF856 /* ReportUITests.swift */ = {isa = PBXFileReference; lastKnownFileType = sourcecode.swift; path = ReportUITests.swift; sourceTree = "<group>"; };
		3635016A28A65812009FF856 /* ReportUITestsLaunchTests.swift */ = {isa = PBXFileReference; lastKnownFileType = sourcecode.swift; path = ReportUITestsLaunchTests.swift; sourceTree = "<group>"; };
		45B93EE4AE53A5C4D97756A0 /* Pods-ReportTests.debug.xcconfig */ = {isa = PBXFileReference; includeInIndex = 1; lastKnownFileType = text.xcconfig; name = "Pods-ReportTests.debug.xcconfig"; path = "Target Support Files/Pods-ReportTests/Pods-ReportTests.debug.xcconfig"; sourceTree = "<group>"; };
		59434717EF5C233FD62F73CF /* Pods-ReportTests.release.xcconfig */ = {isa = PBXFileReference; includeInIndex = 1; lastKnownFileType = text.xcconfig; name = "Pods-ReportTests.release.xcconfig"; path = "Target Support Files/Pods-ReportTests/Pods-ReportTests.release.xcconfig"; sourceTree = "<group>"; };
		5B2F08633E55EE9B72D2A861 /* Pods-Report-ReportUITests.debug.xcconfig */ = {isa = PBXFileReference; includeInIndex = 1; lastKnownFileType = text.xcconfig; name = "Pods-Report-ReportUITests.debug.xcconfig"; path = "Target Support Files/Pods-Report-ReportUITests/Pods-Report-ReportUITests.debug.xcconfig"; sourceTree = "<group>"; };
		62AA716D56667F42DCA23B9E /* Pods_Report.framework */ = {isa = PBXFileReference; explicitFileType = wrapper.framework; includeInIndex = 0; path = Pods_Report.framework; sourceTree = BUILT_PRODUCTS_DIR; };
		849A308D142AD9D444C0DB96 /* Pods-Report.release.xcconfig */ = {isa = PBXFileReference; includeInIndex = 1; lastKnownFileType = text.xcconfig; name = "Pods-Report.release.xcconfig"; path = "Target Support Files/Pods-Report/Pods-Report.release.xcconfig"; sourceTree = "<group>"; };
		9454275728A673F500A66AAB /* GoogleService-Info.plist */ = {isa = PBXFileReference; fileEncoding = 4; lastKnownFileType = text.plist.xml; path = "GoogleService-Info.plist"; sourceTree = "<group>"; };
		9454275928A674A100A66AAB /* BaseTableViewController.swift */ = {isa = PBXFileReference; fileEncoding = 4; lastKnownFileType = sourcecode.swift; path = BaseTableViewController.swift; sourceTree = "<group>"; };
		9454275B28A674A600A66AAB /* TableViewAdapter.swift */ = {isa = PBXFileReference; fileEncoding = 4; lastKnownFileType = sourcecode.swift; path = TableViewAdapter.swift; sourceTree = "<group>"; };
		9454275F28A674DE00A66AAB /* KeyboardHelper.swift */ = {isa = PBXFileReference; fileEncoding = 4; lastKnownFileType = sourcecode.swift; path = KeyboardHelper.swift; sourceTree = "<group>"; };
		9454276128A6766A00A66AAB /* BottomBarButton.swift */ = {isa = PBXFileReference; lastKnownFileType = sourcecode.swift; path = BottomBarButton.swift; sourceTree = "<group>"; };
		9454276228A6766A00A66AAB /* BottomBar.swift */ = {isa = PBXFileReference; lastKnownFileType = sourcecode.swift; path = BottomBar.swift; sourceTree = "<group>"; };
		9454276828A6787900A66AAB /* AddJobViewController.swift */ = {isa = PBXFileReference; lastKnownFileType = sourcecode.swift; path = AddJobViewController.swift; sourceTree = "<group>"; };
		9454276B28A6789700A66AAB /* TitleImageSwitchCell.swift */ = {isa = PBXFileReference; lastKnownFileType = sourcecode.swift; path = TitleImageSwitchCell.swift; sourceTree = "<group>"; };
		9454276D28A678A700A66AAB /* TitleTextFieldCell.swift */ = {isa = PBXFileReference; lastKnownFileType = sourcecode.swift; path = TitleTextFieldCell.swift; sourceTree = "<group>"; };
		9454276F28A678B100A66AAB /* TitleTextFieldCell.xib */ = {isa = PBXFileReference; lastKnownFileType = file.xib; path = TitleTextFieldCell.xib; sourceTree = "<group>"; };
		9454277128A678B900A66AAB /* TitleImageSwitchCell.xib */ = {isa = PBXFileReference; lastKnownFileType = file.xib; path = TitleImageSwitchCell.xib; sourceTree = "<group>"; };
		9454277528A678E500A66AAB /* FirebaseManager.swift */ = {isa = PBXFileReference; lastKnownFileType = sourcecode.swift; path = FirebaseManager.swift; sourceTree = "<group>"; };
		9454277828A6800B00A66AAB /* JobModel.swift */ = {isa = PBXFileReference; lastKnownFileType = sourcecode.swift; path = JobModel.swift; sourceTree = "<group>"; };
		9D11E2D3FDFBE294BC694CE1 /* Pods-Report-ReportUITests.release.xcconfig */ = {isa = PBXFileReference; includeInIndex = 1; lastKnownFileType = text.xcconfig; name = "Pods-Report-ReportUITests.release.xcconfig"; path = "Target Support Files/Pods-Report-ReportUITests/Pods-Report-ReportUITests.release.xcconfig"; sourceTree = "<group>"; };
		A60410C498C946638B0374F4 /* Pods-Report.debug.xcconfig */ = {isa = PBXFileReference; includeInIndex = 1; lastKnownFileType = text.xcconfig; name = "Pods-Report.debug.xcconfig"; path = "Target Support Files/Pods-Report/Pods-Report.debug.xcconfig"; sourceTree = "<group>"; };
		DF065A0D7324FCA4B75F2116 /* Pods_Report_ReportUITests.framework */ = {isa = PBXFileReference; explicitFileType = wrapper.framework; includeInIndex = 0; path = Pods_Report_ReportUITests.framework; sourceTree = BUILT_PRODUCTS_DIR; };
		E59E1CF9591D003C0E7FBF3D /* Pods_ReportTests.framework */ = {isa = PBXFileReference; explicitFileType = wrapper.framework; includeInIndex = 0; path = Pods_ReportTests.framework; sourceTree = BUILT_PRODUCTS_DIR; };
/* End PBXFileReference section */

/* Begin PBXFrameworksBuildPhase section */
		3635014128A65810009FF856 /* Frameworks */ = {
			isa = PBXFrameworksBuildPhase;
			buildActionMask = 2147483647;
			files = (
				F159F8F0DB81C42CA2BE5B13 /* Pods_Report.framework in Frameworks */,
			);
			runOnlyForDeploymentPostprocessing = 0;
		};
		3635015728A65812009FF856 /* Frameworks */ = {
			isa = PBXFrameworksBuildPhase;
			buildActionMask = 2147483647;
			files = (
				522638EE73EDAC3E7196EEDC /* Pods_ReportTests.framework in Frameworks */,
			);
			runOnlyForDeploymentPostprocessing = 0;
		};
		3635016128A65812009FF856 /* Frameworks */ = {
			isa = PBXFrameworksBuildPhase;
			buildActionMask = 2147483647;
			files = (
				5E36DA6A48EF508584CD4662 /* Pods_Report_ReportUITests.framework in Frameworks */,
			);
			runOnlyForDeploymentPostprocessing = 0;
		};
/* End PBXFrameworksBuildPhase section */

/* Begin PBXGroup section */
		3635013B28A65810009FF856 = {
			isa = PBXGroup;
			children = (
				3635014628A65810009FF856 /* Report */,
				3635015D28A65812009FF856 /* ReportTests */,
				3635016728A65812009FF856 /* ReportUITests */,
				3635014528A65810009FF856 /* Products */,
				4072DF864A5F41B27E010FE5 /* Pods */,
				D4EF1491BE1EE19F2B0A2C97 /* Frameworks */,
			);
			sourceTree = "<group>";
		};
		3635014528A65810009FF856 /* Products */ = {
			isa = PBXGroup;
			children = (
				3635014428A65810009FF856 /* Report.app */,
				3635015A28A65812009FF856 /* ReportTests.xctest */,
				3635016428A65812009FF856 /* ReportUITests.xctest */,
			);
			name = Products;
			sourceTree = "<group>";
		};
		3635014628A65810009FF856 /* Report */ = {
			isa = PBXGroup;
			children = (
				3635014728A65810009FF856 /* AppDelegate.swift */,
				3635014928A65810009FF856 /* SceneDelegate.swift */,
				9454277328A678C200A66AAB /* Helper */,
				9454277728A67FFB00A66AAB /* Model */,
				9454277428A678CB00A66AAB /* FirebaseHelper */,
				9454276728A6781A00A66AAB /* TableViewBase+Adapter */,
				9454276628A6781300A66AAB /* Pages */,
				9454276A28A6788700A66AAB /* Cells */,
				9454276528A6780700A66AAB /* CustomView */,
				3635015028A65811009FF856 /* Assets.xcassets */,
				3635015228A65811009FF856 /* LaunchScreen.storyboard */,
				3635015528A65811009FF856 /* Info.plist */,
				9454275728A673F500A66AAB /* GoogleService-Info.plist */,
			);
			path = Report;
			sourceTree = "<group>";
		};
		3635015D28A65812009FF856 /* ReportTests */ = {
			isa = PBXGroup;
			children = (
				3635015E28A65812009FF856 /* ReportTests.swift */,
			);
			path = ReportTests;
			sourceTree = "<group>";
		};
		3635016728A65812009FF856 /* ReportUITests */ = {
			isa = PBXGroup;
			children = (
				3635016828A65812009FF856 /* ReportUITests.swift */,
				3635016A28A65812009FF856 /* ReportUITestsLaunchTests.swift */,
			);
			path = ReportUITests;
			sourceTree = "<group>";
		};
		4072DF864A5F41B27E010FE5 /* Pods */ = {
			isa = PBXGroup;
			children = (
				A60410C498C946638B0374F4 /* Pods-Report.debug.xcconfig */,
				849A308D142AD9D444C0DB96 /* Pods-Report.release.xcconfig */,
				5B2F08633E55EE9B72D2A861 /* Pods-Report-ReportUITests.debug.xcconfig */,
				9D11E2D3FDFBE294BC694CE1 /* Pods-Report-ReportUITests.release.xcconfig */,
				45B93EE4AE53A5C4D97756A0 /* Pods-ReportTests.debug.xcconfig */,
				59434717EF5C233FD62F73CF /* Pods-ReportTests.release.xcconfig */,
			);
			path = Pods;
			sourceTree = "<group>";
		};
		9454276528A6780700A66AAB /* CustomView */ = {
			isa = PBXGroup;
			children = (
				9454276228A6766A00A66AAB /* BottomBar.swift */,
				9454276128A6766A00A66AAB /* BottomBarButton.swift */,
			);
			path = CustomView;
			sourceTree = "<group>";
		};
		9454276628A6781300A66AAB /* Pages */ = {
			isa = PBXGroup;
			children = (
				3635014B28A65810009FF856 /* JobListViewController.swift */,
				9454276828A6787900A66AAB /* AddJobViewController.swift */,
			);
			path = Pages;
			sourceTree = "<group>";
		};
		9454276728A6781A00A66AAB /* TableViewBase+Adapter */ = {
			isa = PBXGroup;
			children = (
				9454275B28A674A600A66AAB /* TableViewAdapter.swift */,
				9454275928A674A100A66AAB /* BaseTableViewController.swift */,
			);
			path = "TableViewBase+Adapter";
			sourceTree = "<group>";
		};
		9454276A28A6788700A66AAB /* Cells */ = {
			isa = PBXGroup;
			children = (
				9454276B28A6789700A66AAB /* TitleImageSwitchCell.swift */,
				9454277128A678B900A66AAB /* TitleImageSwitchCell.xib */,
				9454276D28A678A700A66AAB /* TitleTextFieldCell.swift */,
				9454276F28A678B100A66AAB /* TitleTextFieldCell.xib */,
			);
			path = Cells;
			sourceTree = "<group>";
		};
		9454277328A678C200A66AAB /* Helper */ = {
			isa = PBXGroup;
			children = (
				9454275F28A674DE00A66AAB /* KeyboardHelper.swift */,
			);
			path = Helper;
			sourceTree = "<group>";
		};
		9454277428A678CB00A66AAB /* FirebaseHelper */ = {
			isa = PBXGroup;
			children = (
				9454277528A678E500A66AAB /* FirebaseManager.swift */,
			);
			path = FirebaseHelper;
			sourceTree = "<group>";
		};
		9454277728A67FFB00A66AAB /* Model */ = {
			isa = PBXGroup;
			children = (
				9454277828A6800B00A66AAB /* JobModel.swift */,
			);
			path = Model;
			sourceTree = "<group>";
		};
		D4EF1491BE1EE19F2B0A2C97 /* Frameworks */ = {
			isa = PBXGroup;
			children = (
				62AA716D56667F42DCA23B9E /* Pods_Report.framework */,
				DF065A0D7324FCA4B75F2116 /* Pods_Report_ReportUITests.framework */,
				E59E1CF9591D003C0E7FBF3D /* Pods_ReportTests.framework */,
			);
			name = Frameworks;
			sourceTree = "<group>";
		};
/* End PBXGroup section */

/* Begin PBXNativeTarget section */
		3635014328A65810009FF856 /* Report */ = {
			isa = PBXNativeTarget;
			buildConfigurationList = 3635016E28A65812009FF856 /* Build configuration list for PBXNativeTarget "Report" */;
			buildPhases = (
				8334842A534C5CD9CD312D99 /* [CP] Check Pods Manifest.lock */,
				3635014028A65810009FF856 /* Sources */,
				3635014128A65810009FF856 /* Frameworks */,
				3635014228A65810009FF856 /* Resources */,
				05E912FB5073301970ED132B /* [CP] Embed Pods Frameworks */,
			);
			buildRules = (
			);
			dependencies = (
			);
			name = Report;
			productName = Report;
			productReference = 3635014428A65810009FF856 /* Report.app */;
			productType = "com.apple.product-type.application";
		};
		3635015928A65812009FF856 /* ReportTests */ = {
			isa = PBXNativeTarget;
			buildConfigurationList = 3635017128A65812009FF856 /* Build configuration list for PBXNativeTarget "ReportTests" */;
			buildPhases = (
				D64AD8D0ED0315C6A9A92384 /* [CP] Check Pods Manifest.lock */,
				3635015628A65812009FF856 /* Sources */,
				3635015728A65812009FF856 /* Frameworks */,
				3635015828A65812009FF856 /* Resources */,
			);
			buildRules = (
			);
			dependencies = (
				3635015C28A65812009FF856 /* PBXTargetDependency */,
			);
			name = ReportTests;
			productName = ReportTests;
			productReference = 3635015A28A65812009FF856 /* ReportTests.xctest */;
			productType = "com.apple.product-type.bundle.unit-test";
		};
		3635016328A65812009FF856 /* ReportUITests */ = {
			isa = PBXNativeTarget;
			buildConfigurationList = 3635017428A65812009FF856 /* Build configuration list for PBXNativeTarget "ReportUITests" */;
			buildPhases = (
				E18F3D7AD4605686F6017E31 /* [CP] Check Pods Manifest.lock */,
				3635016028A65812009FF856 /* Sources */,
				3635016128A65812009FF856 /* Frameworks */,
				3635016228A65812009FF856 /* Resources */,
				7B1169CDF08CA819B0E1E049 /* [CP] Embed Pods Frameworks */,
			);
			buildRules = (
			);
			dependencies = (
				3635016628A65812009FF856 /* PBXTargetDependency */,
			);
			name = ReportUITests;
			productName = ReportUITests;
			productReference = 3635016428A65812009FF856 /* ReportUITests.xctest */;
			productType = "com.apple.product-type.bundle.ui-testing";
		};
/* End PBXNativeTarget section */

/* Begin PBXProject section */
		3635013C28A65810009FF856 /* Project object */ = {
			isa = PBXProject;
			attributes = {
				BuildIndependentTargetsInParallel = 1;
				LastSwiftUpdateCheck = 1340;
				LastUpgradeCheck = 1340;
				TargetAttributes = {
					3635014328A65810009FF856 = {
						CreatedOnToolsVersion = 13.4.1;
					};
					3635015928A65812009FF856 = {
						CreatedOnToolsVersion = 13.4.1;
						TestTargetID = 3635014328A65810009FF856;
					};
					3635016328A65812009FF856 = {
						CreatedOnToolsVersion = 13.4.1;
						TestTargetID = 3635014328A65810009FF856;
					};
				};
			};
			buildConfigurationList = 3635013F28A65810009FF856 /* Build configuration list for PBXProject "Report" */;
			compatibilityVersion = "Xcode 13.0";
			developmentRegion = en;
			hasScannedForEncodings = 0;
			knownRegions = (
				en,
				Base,
			);
			mainGroup = 3635013B28A65810009FF856;
			productRefGroup = 3635014528A65810009FF856 /* Products */;
			projectDirPath = "";
			projectRoot = "";
			targets = (
				3635014328A65810009FF856 /* Report */,
				3635015928A65812009FF856 /* ReportTests */,
				3635016328A65812009FF856 /* ReportUITests */,
			);
		};
/* End PBXProject section */

/* Begin PBXResourcesBuildPhase section */
		3635014228A65810009FF856 /* Resources */ = {
			isa = PBXResourcesBuildPhase;
			buildActionMask = 2147483647;
			files = (
				3635015428A65811009FF856 /* LaunchScreen.storyboard in Resources */,
				9454277228A678B900A66AAB /* TitleImageSwitchCell.xib in Resources */,
				9454275828A673F500A66AAB /* GoogleService-Info.plist in Resources */,
				9454277028A678B100A66AAB /* TitleTextFieldCell.xib in Resources */,
				3635015128A65811009FF856 /* Assets.xcassets in Resources */,
			);
			runOnlyForDeploymentPostprocessing = 0;
		};
		3635015828A65812009FF856 /* Resources */ = {
			isa = PBXResourcesBuildPhase;
			buildActionMask = 2147483647;
			files = (
			);
			runOnlyForDeploymentPostprocessing = 0;
		};
		3635016228A65812009FF856 /* Resources */ = {
			isa = PBXResourcesBuildPhase;
			buildActionMask = 2147483647;
			files = (
			);
			runOnlyForDeploymentPostprocessing = 0;
		};
/* End PBXResourcesBuildPhase section */

/* Begin PBXShellScriptBuildPhase section */
		05E912FB5073301970ED132B /* [CP] Embed Pods Frameworks */ = {
			isa = PBXShellScriptBuildPhase;
			buildActionMask = 2147483647;
			files = (
			);
			inputFileListPaths = (
				"${PODS_ROOT}/Target Support Files/Pods-Report/Pods-Report-frameworks-${CONFIGURATION}-input-files.xcfilelist",
			);
			name = "[CP] Embed Pods Frameworks";
			outputFileListPaths = (
				"${PODS_ROOT}/Target Support Files/Pods-Report/Pods-Report-frameworks-${CONFIGURATION}-output-files.xcfilelist",
			);
			runOnlyForDeploymentPostprocessing = 0;
			shellPath = /bin/sh;
			shellScript = "\"${PODS_ROOT}/Target Support Files/Pods-Report/Pods-Report-frameworks.sh\"\n";
			showEnvVarsInLog = 0;
		};
		7B1169CDF08CA819B0E1E049 /* [CP] Embed Pods Frameworks */ = {
			isa = PBXShellScriptBuildPhase;
			buildActionMask = 2147483647;
			files = (
			);
			inputFileListPaths = (
				"${PODS_ROOT}/Target Support Files/Pods-Report-ReportUITests/Pods-Report-ReportUITests-frameworks-${CONFIGURATION}-input-files.xcfilelist",
			);
			name = "[CP] Embed Pods Frameworks";
			outputFileListPaths = (
				"${PODS_ROOT}/Target Support Files/Pods-Report-ReportUITests/Pods-Report-ReportUITests-frameworks-${CONFIGURATION}-output-files.xcfilelist",
			);
			runOnlyForDeploymentPostprocessing = 0;
			shellPath = /bin/sh;
			shellScript = "\"${PODS_ROOT}/Target Support Files/Pods-Report-ReportUITests/Pods-Report-ReportUITests-frameworks.sh\"\n";
			showEnvVarsInLog = 0;
		};
		8334842A534C5CD9CD312D99 /* [CP] Check Pods Manifest.lock */ = {
			isa = PBXShellScriptBuildPhase;
			buildActionMask = 2147483647;
			files = (
			);
			inputFileListPaths = (
			);
			inputPaths = (
				"${PODS_PODFILE_DIR_PATH}/Podfile.lock",
				"${PODS_ROOT}/Manifest.lock",
			);
			name = "[CP] Check Pods Manifest.lock";
			outputFileListPaths = (
			);
			outputPaths = (
				"$(DERIVED_FILE_DIR)/Pods-Report-checkManifestLockResult.txt",
			);
			runOnlyForDeploymentPostprocessing = 0;
			shellPath = /bin/sh;
			shellScript = "diff \"${PODS_PODFILE_DIR_PATH}/Podfile.lock\" \"${PODS_ROOT}/Manifest.lock\" > /dev/null\nif [ $? != 0 ] ; then\n    # print error to STDERR\n    echo \"error: The sandbox is not in sync with the Podfile.lock. Run 'pod install' or update your CocoaPods installation.\" >&2\n    exit 1\nfi\n# This output is used by Xcode 'outputs' to avoid re-running this script phase.\necho \"SUCCESS\" > \"${SCRIPT_OUTPUT_FILE_0}\"\n";
			showEnvVarsInLog = 0;
		};
		D64AD8D0ED0315C6A9A92384 /* [CP] Check Pods Manifest.lock */ = {
			isa = PBXShellScriptBuildPhase;
			buildActionMask = 2147483647;
			files = (
			);
			inputFileListPaths = (
			);
			inputPaths = (
				"${PODS_PODFILE_DIR_PATH}/Podfile.lock",
				"${PODS_ROOT}/Manifest.lock",
			);
			name = "[CP] Check Pods Manifest.lock";
			outputFileListPaths = (
			);
			outputPaths = (
				"$(DERIVED_FILE_DIR)/Pods-ReportTests-checkManifestLockResult.txt",
			);
			runOnlyForDeploymentPostprocessing = 0;
			shellPath = /bin/sh;
			shellScript = "diff \"${PODS_PODFILE_DIR_PATH}/Podfile.lock\" \"${PODS_ROOT}/Manifest.lock\" > /dev/null\nif [ $? != 0 ] ; then\n    # print error to STDERR\n    echo \"error: The sandbox is not in sync with the Podfile.lock. Run 'pod install' or update your CocoaPods installation.\" >&2\n    exit 1\nfi\n# This output is used by Xcode 'outputs' to avoid re-running this script phase.\necho \"SUCCESS\" > \"${SCRIPT_OUTPUT_FILE_0}\"\n";
			showEnvVarsInLog = 0;
		};
		E18F3D7AD4605686F6017E31 /* [CP] Check Pods Manifest.lock */ = {
			isa = PBXShellScriptBuildPhase;
			buildActionMask = 2147483647;
			files = (
			);
			inputFileListPaths = (
			);
			inputPaths = (
				"${PODS_PODFILE_DIR_PATH}/Podfile.lock",
				"${PODS_ROOT}/Manifest.lock",
			);
			name = "[CP] Check Pods Manifest.lock";
			outputFileListPaths = (
			);
			outputPaths = (
				"$(DERIVED_FILE_DIR)/Pods-Report-ReportUITests-checkManifestLockResult.txt",
			);
			runOnlyForDeploymentPostprocessing = 0;
			shellPath = /bin/sh;
			shellScript = "diff \"${PODS_PODFILE_DIR_PATH}/Podfile.lock\" \"${PODS_ROOT}/Manifest.lock\" > /dev/null\nif [ $? != 0 ] ; then\n    # print error to STDERR\n    echo \"error: The sandbox is not in sync with the Podfile.lock. Run 'pod install' or update your CocoaPods installation.\" >&2\n    exit 1\nfi\n# This output is used by Xcode 'outputs' to avoid re-running this script phase.\necho \"SUCCESS\" > \"${SCRIPT_OUTPUT_FILE_0}\"\n";
			showEnvVarsInLog = 0;
		};
/* End PBXShellScriptBuildPhase section */

/* Begin PBXSourcesBuildPhase section */
		3635014028A65810009FF856 /* Sources */ = {
			isa = PBXSourcesBuildPhase;
			buildActionMask = 2147483647;
			files = (
				9454277628A678E500A66AAB /* FirebaseManager.swift in Sources */,
				9454276028A674DE00A66AAB /* KeyboardHelper.swift in Sources */,
				9454276928A6787900A66AAB /* AddJobViewController.swift in Sources */,
				3635014C28A65810009FF856 /* JobListViewController.swift in Sources */,
				9454277928A6800B00A66AAB /* JobModel.swift in Sources */,
				3635014828A65810009FF856 /* AppDelegate.swift in Sources */,
				9454275A28A674A100A66AAB /* BaseTableViewController.swift in Sources */,
				9454276328A6766A00A66AAB /* BottomBar.swift in Sources */,
				9454275C28A674A600A66AAB /* TableViewAdapter.swift in Sources */,
				9454276E28A678A700A66AAB /* TitleTextFieldCell.swift in Sources */,
				9454276428A6766A00A66AAB /* BottomBarButton.swift in Sources */,
				9454276C28A6789700A66AAB /* TitleImageSwitchCell.swift in Sources */,
				3635014A28A65810009FF856 /* SceneDelegate.swift in Sources */,
			);
			runOnlyForDeploymentPostprocessing = 0;
		};
		3635015628A65812009FF856 /* Sources */ = {
			isa = PBXSourcesBuildPhase;
			buildActionMask = 2147483647;
			files = (
				3635015F28A65812009FF856 /* ReportTests.swift in Sources */,
			);
			runOnlyForDeploymentPostprocessing = 0;
		};
		3635016028A65812009FF856 /* Sources */ = {
			isa = PBXSourcesBuildPhase;
			buildActionMask = 2147483647;
			files = (
				3635016B28A65812009FF856 /* ReportUITestsLaunchTests.swift in Sources */,
				3635016928A65812009FF856 /* ReportUITests.swift in Sources */,
			);
			runOnlyForDeploymentPostprocessing = 0;
		};
/* End PBXSourcesBuildPhase section */

/* Begin PBXTargetDependency section */
		3635015C28A65812009FF856 /* PBXTargetDependency */ = {
			isa = PBXTargetDependency;
			target = 3635014328A65810009FF856 /* Report */;
			targetProxy = 3635015B28A65812009FF856 /* PBXContainerItemProxy */;
		};
		3635016628A65812009FF856 /* PBXTargetDependency */ = {
			isa = PBXTargetDependency;
			target = 3635014328A65810009FF856 /* Report */;
			targetProxy = 3635016528A65812009FF856 /* PBXContainerItemProxy */;
		};
/* End PBXTargetDependency section */

/* Begin PBXVariantGroup section */
		3635015228A65811009FF856 /* LaunchScreen.storyboard */ = {
			isa = PBXVariantGroup;
			children = (
				3635015328A65811009FF856 /* Base */,
			);
			name = LaunchScreen.storyboard;
			sourceTree = "<group>";
		};
/* End PBXVariantGroup section */

/* Begin XCBuildConfiguration section */
		3635016C28A65812009FF856 /* Debug */ = {
			isa = XCBuildConfiguration;
			buildSettings = {
				ALWAYS_SEARCH_USER_PATHS = NO;
				CLANG_ANALYZER_NONNULL = YES;
				CLANG_ANALYZER_NUMBER_OBJECT_CONVERSION = YES_AGGRESSIVE;
				CLANG_CXX_LANGUAGE_STANDARD = "gnu++17";
				CLANG_ENABLE_MODULES = YES;
				CLANG_ENABLE_OBJC_ARC = YES;
				CLANG_ENABLE_OBJC_WEAK = YES;
				CLANG_WARN_BLOCK_CAPTURE_AUTORELEASING = YES;
				CLANG_WARN_BOOL_CONVERSION = YES;
				CLANG_WARN_COMMA = YES;
				CLANG_WARN_CONSTANT_CONVERSION = YES;
				CLANG_WARN_DEPRECATED_OBJC_IMPLEMENTATIONS = YES;
				CLANG_WARN_DIRECT_OBJC_ISA_USAGE = YES_ERROR;
				CLANG_WARN_DOCUMENTATION_COMMENTS = YES;
				CLANG_WARN_EMPTY_BODY = YES;
				CLANG_WARN_ENUM_CONVERSION = YES;
				CLANG_WARN_INFINITE_RECURSION = YES;
				CLANG_WARN_INT_CONVERSION = YES;
				CLANG_WARN_NON_LITERAL_NULL_CONVERSION = YES;
				CLANG_WARN_OBJC_IMPLICIT_RETAIN_SELF = YES;
				CLANG_WARN_OBJC_LITERAL_CONVERSION = YES;
				CLANG_WARN_OBJC_ROOT_CLASS = YES_ERROR;
				CLANG_WARN_QUOTED_INCLUDE_IN_FRAMEWORK_HEADER = YES;
				CLANG_WARN_RANGE_LOOP_ANALYSIS = YES;
				CLANG_WARN_STRICT_PROTOTYPES = YES;
				CLANG_WARN_SUSPICIOUS_MOVE = YES;
				CLANG_WARN_UNGUARDED_AVAILABILITY = YES_AGGRESSIVE;
				CLANG_WARN_UNREACHABLE_CODE = YES;
				CLANG_WARN__DUPLICATE_METHOD_MATCH = YES;
				COPY_PHASE_STRIP = NO;
				DEBUG_INFORMATION_FORMAT = dwarf;
				ENABLE_STRICT_OBJC_MSGSEND = YES;
				ENABLE_TESTABILITY = YES;
				GCC_C_LANGUAGE_STANDARD = gnu11;
				GCC_DYNAMIC_NO_PIC = NO;
				GCC_NO_COMMON_BLOCKS = YES;
				GCC_OPTIMIZATION_LEVEL = 0;
				GCC_PREPROCESSOR_DEFINITIONS = (
					"DEBUG=1",
					"$(inherited)",
				);
				GCC_WARN_64_TO_32_BIT_CONVERSION = YES;
				GCC_WARN_ABOUT_RETURN_TYPE = YES_ERROR;
				GCC_WARN_UNDECLARED_SELECTOR = YES;
				GCC_WARN_UNINITIALIZED_AUTOS = YES_AGGRESSIVE;
				GCC_WARN_UNUSED_FUNCTION = YES;
				GCC_WARN_UNUSED_VARIABLE = YES;
				IPHONEOS_DEPLOYMENT_TARGET = 15.5;
				MTL_ENABLE_DEBUG_INFO = INCLUDE_SOURCE;
				MTL_FAST_MATH = YES;
				ONLY_ACTIVE_ARCH = YES;
				SDKROOT = iphoneos;
				SWIFT_ACTIVE_COMPILATION_CONDITIONS = DEBUG;
				SWIFT_OPTIMIZATION_LEVEL = "-Onone";
			};
			name = Debug;
		};
		3635016D28A65812009FF856 /* Release */ = {
			isa = XCBuildConfiguration;
			buildSettings = {
				ALWAYS_SEARCH_USER_PATHS = NO;
				CLANG_ANALYZER_NONNULL = YES;
				CLANG_ANALYZER_NUMBER_OBJECT_CONVERSION = YES_AGGRESSIVE;
				CLANG_CXX_LANGUAGE_STANDARD = "gnu++17";
				CLANG_ENABLE_MODULES = YES;
				CLANG_ENABLE_OBJC_ARC = YES;
				CLANG_ENABLE_OBJC_WEAK = YES;
				CLANG_WARN_BLOCK_CAPTURE_AUTORELEASING = YES;
				CLANG_WARN_BOOL_CONVERSION = YES;
				CLANG_WARN_COMMA = YES;
				CLANG_WARN_CONSTANT_CONVERSION = YES;
				CLANG_WARN_DEPRECATED_OBJC_IMPLEMENTATIONS = YES;
				CLANG_WARN_DIRECT_OBJC_ISA_USAGE = YES_ERROR;
				CLANG_WARN_DOCUMENTATION_COMMENTS = YES;
				CLANG_WARN_EMPTY_BODY = YES;
				CLANG_WARN_ENUM_CONVERSION = YES;
				CLANG_WARN_INFINITE_RECURSION = YES;
				CLANG_WARN_INT_CONVERSION = YES;
				CLANG_WARN_NON_LITERAL_NULL_CONVERSION = YES;
				CLANG_WARN_OBJC_IMPLICIT_RETAIN_SELF = YES;
				CLANG_WARN_OBJC_LITERAL_CONVERSION = YES;
				CLANG_WARN_OBJC_ROOT_CLASS = YES_ERROR;
				CLANG_WARN_QUOTED_INCLUDE_IN_FRAMEWORK_HEADER = YES;
				CLANG_WARN_RANGE_LOOP_ANALYSIS = YES;
				CLANG_WARN_STRICT_PROTOTYPES = YES;
				CLANG_WARN_SUSPICIOUS_MOVE = YES;
				CLANG_WARN_UNGUARDED_AVAILABILITY = YES_AGGRESSIVE;
				CLANG_WARN_UNREACHABLE_CODE = YES;
				CLANG_WARN__DUPLICATE_METHOD_MATCH = YES;
				COPY_PHASE_STRIP = NO;
				DEBUG_INFORMATION_FORMAT = "dwarf-with-dsym";
				ENABLE_NS_ASSERTIONS = NO;
				ENABLE_STRICT_OBJC_MSGSEND = YES;
				GCC_C_LANGUAGE_STANDARD = gnu11;
				GCC_NO_COMMON_BLOCKS = YES;
				GCC_WARN_64_TO_32_BIT_CONVERSION = YES;
				GCC_WARN_ABOUT_RETURN_TYPE = YES_ERROR;
				GCC_WARN_UNDECLARED_SELECTOR = YES;
				GCC_WARN_UNINITIALIZED_AUTOS = YES_AGGRESSIVE;
				GCC_WARN_UNUSED_FUNCTION = YES;
				GCC_WARN_UNUSED_VARIABLE = YES;
				IPHONEOS_DEPLOYMENT_TARGET = 15.5;
				MTL_ENABLE_DEBUG_INFO = NO;
				MTL_FAST_MATH = YES;
				SDKROOT = iphoneos;
				SWIFT_COMPILATION_MODE = wholemodule;
				SWIFT_OPTIMIZATION_LEVEL = "-O";
				VALIDATE_PRODUCT = YES;
			};
			name = Release;
		};
		3635016F28A65812009FF856 /* Debug */ = {
			isa = XCBuildConfiguration;
			baseConfigurationReference = A60410C498C946638B0374F4 /* Pods-Report.debug.xcconfig */;
			buildSettings = {
				ASSETCATALOG_COMPILER_APPICON_NAME = AppIcon;
				ASSETCATALOG_COMPILER_GLOBAL_ACCENT_COLOR_NAME = AccentColor;
				CODE_SIGN_STYLE = Automatic;
				CURRENT_PROJECT_VERSION = 1;
				DEVELOPMENT_TEAM = NZT54R9366;
				GENERATE_INFOPLIST_FILE = YES;
				INFOPLIST_FILE = Report/Info.plist;
				INFOPLIST_KEY_UIApplicationSupportsIndirectInputEvents = YES;
				INFOPLIST_KEY_UILaunchStoryboardName = LaunchScreen;
				INFOPLIST_KEY_UISupportedInterfaceOrientations_iPad = "UIInterfaceOrientationPortrait UIInterfaceOrientationPortraitUpsideDown UIInterfaceOrientationLandscapeLeft UIInterfaceOrientationLandscapeRight";
				INFOPLIST_KEY_UISupportedInterfaceOrientations_iPhone = "UIInterfaceOrientationPortrait UIInterfaceOrientationLandscapeLeft UIInterfaceOrientationLandscapeRight";
				IPHONEOS_DEPLOYMENT_TARGET = 14.0;
				LD_RUNPATH_SEARCH_PATHS = (
					"$(inherited)",
					"@executable_path/Frameworks",
				);
				MARKETING_VERSION = 1.0;
				PRODUCT_BUNDLE_IDENTIFIER = tw.com.ehun.Report.Report;
				PRODUCT_NAME = "$(TARGET_NAME)";
				SWIFT_EMIT_LOC_STRINGS = YES;
				SWIFT_VERSION = 5.0;
				TARGETED_DEVICE_FAMILY = 1;
			};
			name = Debug;
		};
		3635017028A65812009FF856 /* Release */ = {
			isa = XCBuildConfiguration;
			baseConfigurationReference = 849A308D142AD9D444C0DB96 /* Pods-Report.release.xcconfig */;
			buildSettings = {
				ASSETCATALOG_COMPILER_APPICON_NAME = AppIcon;
				ASSETCATALOG_COMPILER_GLOBAL_ACCENT_COLOR_NAME = AccentColor;
				CODE_SIGN_STYLE = Automatic;
				CURRENT_PROJECT_VERSION = 1;
				DEVELOPMENT_TEAM = NZT54R9366;
				GENERATE_INFOPLIST_FILE = YES;
				INFOPLIST_FILE = Report/Info.plist;
				INFOPLIST_KEY_UIApplicationSupportsIndirectInputEvents = YES;
				INFOPLIST_KEY_UILaunchStoryboardName = LaunchScreen;
				INFOPLIST_KEY_UISupportedInterfaceOrientations_iPad = "UIInterfaceOrientationPortrait UIInterfaceOrientationPortraitUpsideDown UIInterfaceOrientationLandscapeLeft UIInterfaceOrientationLandscapeRight";
				INFOPLIST_KEY_UISupportedInterfaceOrientations_iPhone = "UIInterfaceOrientationPortrait UIInterfaceOrientationLandscapeLeft UIInterfaceOrientationLandscapeRight";
				IPHONEOS_DEPLOYMENT_TARGET = 14.0;
				LD_RUNPATH_SEARCH_PATHS = (
					"$(inherited)",
					"@executable_path/Frameworks",
				);
				MARKETING_VERSION = 1.0;
				PRODUCT_BUNDLE_IDENTIFIER = tw.com.ehun.Report.Report;
				PRODUCT_NAME = "$(TARGET_NAME)";
				SWIFT_EMIT_LOC_STRINGS = YES;
				SWIFT_VERSION = 5.0;
				TARGETED_DEVICE_FAMILY = 1;
			};
			name = Release;
		};
		3635017228A65812009FF856 /* Debug */ = {
			isa = XCBuildConfiguration;
			baseConfigurationReference = 45B93EE4AE53A5C4D97756A0 /* Pods-ReportTests.debug.xcconfig */;
			buildSettings = {
				ALWAYS_EMBED_SWIFT_STANDARD_LIBRARIES = YES;
				BUNDLE_LOADER = "$(TEST_HOST)";
				CODE_SIGN_STYLE = Automatic;
				CURRENT_PROJECT_VERSION = 1;
				DEVELOPMENT_TEAM = NZT54R9366;
				GENERATE_INFOPLIST_FILE = YES;
				IPHONEOS_DEPLOYMENT_TARGET = 15.5;
				MARKETING_VERSION = 1.0;
				PRODUCT_BUNDLE_IDENTIFIER = tw.com.ehun.Report.ReportTests;
				PRODUCT_NAME = "$(TARGET_NAME)";
				SWIFT_EMIT_LOC_STRINGS = NO;
				SWIFT_VERSION = 5.0;
				TARGETED_DEVICE_FAMILY = "1,2";
				TEST_HOST = "$(BUILT_PRODUCTS_DIR)/Report.app/Report";
			};
			name = Debug;
		};
		3635017328A65812009FF856 /* Release */ = {
			isa = XCBuildConfiguration;
			baseConfigurationReference = 59434717EF5C233FD62F73CF /* Pods-ReportTests.release.xcconfig */;
			buildSettings = {
				ALWAYS_EMBED_SWIFT_STANDARD_LIBRARIES = YES;
				BUNDLE_LOADER = "$(TEST_HOST)";
				CODE_SIGN_STYLE = Automatic;
				CURRENT_PROJECT_VERSION = 1;
				DEVELOPMENT_TEAM = NZT54R9366;
				GENERATE_INFOPLIST_FILE = YES;
				IPHONEOS_DEPLOYMENT_TARGET = 15.5;
				MARKETING_VERSION = 1.0;
				PRODUCT_BUNDLE_IDENTIFIER = tw.com.ehun.Report.ReportTests;
				PRODUCT_NAME = "$(TARGET_NAME)";
				SWIFT_EMIT_LOC_STRINGS = NO;
				SWIFT_VERSION = 5.0;
				TARGETED_DEVICE_FAMILY = "1,2";
				TEST_HOST = "$(BUILT_PRODUCTS_DIR)/Report.app/Report";
			};
			name = Release;
		};
		3635017528A65812009FF856 /* Debug */ = {
			isa = XCBuildConfiguration;
			baseConfigurationReference = 5B2F08633E55EE9B72D2A861 /* Pods-Report-ReportUITests.debug.xcconfig */;
			buildSettings = {
				ALWAYS_EMBED_SWIFT_STANDARD_LIBRARIES = YES;
				CODE_SIGN_STYLE = Automatic;
				CURRENT_PROJECT_VERSION = 1;
				DEVELOPMENT_TEAM = NZT54R9366;
				GENERATE_INFOPLIST_FILE = YES;
				MARKETING_VERSION = 1.0;
				PRODUCT_BUNDLE_IDENTIFIER = tw.com.ehun.Report.ReportUITests;
				PRODUCT_NAME = "$(TARGET_NAME)";
				SWIFT_EMIT_LOC_STRINGS = NO;
				SWIFT_VERSION = 5.0;
				TARGETED_DEVICE_FAMILY = "1,2";
				TEST_TARGET_NAME = Report;
			};
			name = Debug;
		};
		3635017628A65812009FF856 /* Release */ = {
			isa = XCBuildConfiguration;
			baseConfigurationReference = 9D11E2D3FDFBE294BC694CE1 /* Pods-Report-ReportUITests.release.xcconfig */;
			buildSettings = {
				ALWAYS_EMBED_SWIFT_STANDARD_LIBRARIES = YES;
				CODE_SIGN_STYLE = Automatic;
				CURRENT_PROJECT_VERSION = 1;
				DEVELOPMENT_TEAM = NZT54R9366;
				GENERATE_INFOPLIST_FILE = YES;
				MARKETING_VERSION = 1.0;
				PRODUCT_BUNDLE_IDENTIFIER = tw.com.ehun.Report.ReportUITests;
				PRODUCT_NAME = "$(TARGET_NAME)";
				SWIFT_EMIT_LOC_STRINGS = NO;
				SWIFT_VERSION = 5.0;
				TARGETED_DEVICE_FAMILY = "1,2";
				TEST_TARGET_NAME = Report;
			};
			name = Release;
		};
/* End XCBuildConfiguration section */

/* Begin XCConfigurationList section */
		3635013F28A65810009FF856 /* Build configuration list for PBXProject "Report" */ = {
			isa = XCConfigurationList;
			buildConfigurations = (
				3635016C28A65812009FF856 /* Debug */,
				3635016D28A65812009FF856 /* Release */,
			);
			defaultConfigurationIsVisible = 0;
			defaultConfigurationName = Release;
		};
		3635016E28A65812009FF856 /* Build configuration list for PBXNativeTarget "Report" */ = {
			isa = XCConfigurationList;
			buildConfigurations = (
				3635016F28A65812009FF856 /* Debug */,
				3635017028A65812009FF856 /* Release */,
			);
			defaultConfigurationIsVisible = 0;
			defaultConfigurationName = Release;
		};
		3635017128A65812009FF856 /* Build configuration list for PBXNativeTarget "ReportTests" */ = {
			isa = XCConfigurationList;
			buildConfigurations = (
				3635017228A65812009FF856 /* Debug */,
				3635017328A65812009FF856 /* Release */,
			);
			defaultConfigurationIsVisible = 0;
			defaultConfigurationName = Release;
		};
		3635017428A65812009FF856 /* Build configuration list for PBXNativeTarget "ReportUITests" */ = {
			isa = XCConfigurationList;
			buildConfigurations = (
				3635017528A65812009FF856 /* Debug */,
				3635017628A65812009FF856 /* Release */,
			);
			defaultConfigurationIsVisible = 0;
			defaultConfigurationName = Release;
		};
/* End XCConfigurationList section */
	};
	rootObject = 3635013C28A65810009FF856 /* Project object */;
}
