// !$*UTF8*$!
{
	archiveVersion = 1;
	classes = {
	};
	objectVersion = 55;
	objects = {

/* Begin PBXBuildFile section */
		3635014828A65810009FF856 /* AppDelegate.swift in Sources */ = {isa = PBXBuildFile; fileRef = 3635014728A65810009FF856 /* AppDelegate.swift */; };
		3635014A28A65810009FF856 /* SceneDelegate.swift in Sources */ = {isa = PBXBuildFile; fileRef = 3635014928A65810009FF856 /* SceneDelegate.swift */; };
		3635014C28A65810009FF856 /* ViewController.swift in Sources */ = {isa = PBXBuildFile; fileRef = 3635014B28A65810009FF856 /* ViewController.swift */; };
		3635014F28A65810009FF856 /* Main.storyboard in Resources */ = {isa = PBXBuildFile; fileRef = 3635014D28A65810009FF856 /* Main.storyboard */; };
		3635015128A65811009FF856 /* Assets.xcassets in Resources */ = {isa = PBXBuildFile; fileRef = 3635015028A65811009FF856 /* Assets.xcassets */; };
		3635015428A65811009FF856 /* LaunchScreen.storyboard in Resources */ = {isa = PBXBuildFile; fileRef = 3635015228A65811009FF856 /* LaunchScreen.storyboard */; };
		3635015F28A65812009FF856 /* ReportTests.swift in Sources */ = {isa = PBXBuildFile; fileRef = 3635015E28A65812009FF856 /* ReportTests.swift */; };
		3635016928A65812009FF856 /* ReportUITests.swift in Sources */ = {isa = PBXBuildFile; fileRef = 3635016828A65812009FF856 /* ReportUITests.swift */; };
		3635016B28A65812009FF856 /* ReportUITestsLaunchTests.swift in Sources */ = {isa = PBXBuildFile; fileRef = 3635016A28A65812009FF856 /* ReportUITestsLaunchTests.swift */; };
/* End PBXBuildFile section */

/* Begin PBXContainerItemProxy section */
		3635015B28A65812009FF856 /* PBXContainerItemProxy */ = {
			isa = PBXContainerItemProxy;
			containerPortal = 3635013C28A65810009FF856 /* Project object */;
			proxyType = 1;
			remoteGlobalIDString = 3635014328A65810009FF856;
			remoteInfo = Report;
		};
		3635016528A65812009FF856 /* PBXContainerItemProxy */ = {
			isa = PBXContainerItemProxy;
			containerPortal = 3635013C28A65810009FF856 /* Project object */;
			proxyType = 1;
			remoteGlobalIDString = 3635014328A65810009FF856;
			remoteInfo = Report;
		};
/* End PBXContainerItemProxy section */

/* Begin PBXFileReference section */
		3635014428A65810009FF856 /* Report.app */ = {isa = PBXFileReference; explicitFileType = wrapper.application; includeInIndex = 0; path = Report.app; sourceTree = BUILT_PRODUCTS_DIR; };
		3635014728A65810009FF856 /* AppDelegate.swift */ = {isa = PBXFileReference; lastKnownFileType = sourcecode.swift; path = AppDelegate.swift; sourceTree = "<group>"; };
		3635014928A65810009FF856 /* SceneDelegate.swift */ = {isa = PBXFileReference; lastKnownFileType = sourcecode.swift; path = SceneDelegate.swift; sourceTree = "<group>"; };
		3635014B28A65810009FF856 /* ViewController.swift */ = {isa = PBXFileReference; lastKnownFileType = sourcecode.swift; path = ViewController.swift; sourceTree = "<group>"; };
		3635014E28A65810009FF856 /* Base */ = {isa = PBXFileReference; lastKnownFileType = file.storyboard; name = Base; path = Base.lproj/Main.storyboard; sourceTree = "<group>"; };
		3635015028A65811009FF856 /* Assets.xcassets */ = {isa = PBXFileReference; lastKnownFileType = folder.assetcatalog; path = Assets.xcassets; sourceTree = "<group>"; };
		3635015328A65811009FF856 /* Base */ = {isa = PBXFileReference; lastKnownFileType = file.storyboard; name = Base; path = Base.lproj/LaunchScreen.storyboard; sourceTree = "<group>"; };
		3635015528A65811009FF856 /* Info.plist */ = {isa = PBXFileReference; lastKnownFileType = text.plist.xml; path = Info.plist; sourceTree = "<group>"; };
		3635015A28A65812009FF856 /* ReportTests.xctest */ = {isa = PBXFileReference; explicitFileType = wrapper.cfbundle; includeInIndex = 0; path = ReportTests.xctest; sourceTree = BUILT_PRODUCTS_DIR; };
		3635015E28A65812009FF856 /* ReportTests.swift */ = {isa = PBXFileReference; lastKnownFileType = sourcecode.swift; path = ReportTests.swift; sourceTree = "<group>"; };
		3635016428A65812009FF856 /* ReportUITests.xctest */ = {isa = PBXFileReference; explicitFileType = wrapper.cfbundle; includeInIndex = 0; path = ReportUITests.xctest; sourceTree = BUILT_PRODUCTS_DIR; };
		3635016828A65812009FF856 /* ReportUITests.swift */ = {isa = PBXFileReference; lastKnownFileType = sourcecode.swift; path = ReportUITests.swift; sourceTree = "<group>"; };
		3635016A28A65812009FF856 /* ReportUITestsLaunchTests.swift */ = {isa = PBXFileReference; lastKnownFileType = sourcecode.swift; path = ReportUITestsLaunchTests.swift; sourceTree = "<group>"; };
/* End PBXFileReference section */

/* Begin PBXFrameworksBuildPhase section */
		3635014128A65810009FF856 /* Frameworks */ = {
			isa = PBXFrameworksBuildPhase;
			buildActionMask = 2147483647;
			files = (
			);
			runOnlyForDeploymentPostprocessing = 0;
		};
		3635015728A65812009FF856 /* Frameworks */ = {
			isa = PBXFrameworksBuildPhase;
			buildActionMask = 2147483647;
			files = (
			);
			runOnlyForDeploymentPostprocessing = 0;
		};
		3635016128A65812009FF856 /* Frameworks */ = {
			isa = PBXFrameworksBuildPhase;
			buildActionMask = 2147483647;
			files = (
			);
			runOnlyForDeploymentPostprocessing = 0;
		};
/* End PBXFrameworksBuildPhase section */

/* Begin PBXGroup section */
		3635013B28A65810009FF856 = {
			isa = PBXGroup;
			children = (
				3635014628A65810009FF856 /* Report */,
				3635015D28A65812009FF856 /* ReportTests */,
				3635016728A65812009FF856 /* ReportUITests */,
				3635014528A65810009FF856 /* Products */,
			);
			sourceTree = "<group>";
		};
		3635014528A65810009FF856 /* Products */ = {
			isa = PBXGroup;
			children = (
				3635014428A65810009FF856 /* Report.app */,
				3635015A28A65812009FF856 /* ReportTests.xctest */,
				3635016428A65812009FF856 /* ReportUITests.xctest */,
			);
			name = Products;
			sourceTree = "<group>";
		};
		3635014628A65810009FF856 /* Report */ = {
			isa = PBXGroup;
			children = (
				3635014728A65810009FF856 /* AppDelegate.swift */,
				3635014928A65810009FF856 /* SceneDelegate.swift */,
				3635014B28A65810009FF856 /* ViewController.swift */,
				3635014D28A65810009FF856 /* Main.storyboard */,
				3635015028A65811009FF856 /* Assets.xcassets */,
				3635015228A65811009FF856 /* LaunchScreen.storyboard */,
				3635015528A65811009FF856 /* Info.plist */,
			);
			path = Report;
			sourceTree = "<group>";
		};
		3635015D28A65812009FF856 /* ReportTests */ = {
			isa = PBXGroup;
			children = (
				3635015E28A65812009FF856 /* ReportTests.swift */,
			);
			path = ReportTests;
			sourceTree = "<group>";
		};
		3635016728A65812009FF856 /* ReportUITests */ = {
			isa = PBXGroup;
			children = (
				3635016828A65812009FF856 /* ReportUITests.swift */,
				3635016A28A65812009FF856 /* ReportUITestsLaunchTests.swift */,
			);
			path = ReportUITests;
			sourceTree = "<group>";
		};
/* End PBXGroup section */

/* Begin PBXNativeTarget section */
		3635014328A65810009FF856 /* Report */ = {
			isa = PBXNativeTarget;
			buildConfigurationList = 3635016E28A65812009FF856 /* Build configuration list for PBXNativeTarget "Report" */;
			buildPhases = (
				3635014028A65810009FF856 /* Sources */,
				3635014128A65810009FF856 /* Frameworks */,
				3635014228A65810009FF856 /* Resources */,
			);
			buildRules = (
			);
			dependencies = (
			);
			name = Report;
			productName = Report;
			productReference = 3635014428A65810009FF856 /* Report.app */;
			productType = "com.apple.product-type.application";
		};
		3635015928A65812009FF856 /* ReportTests */ = {
			isa = PBXNativeTarget;
			buildConfigurationList = 3635017128A65812009FF856 /* Build configuration list for PBXNativeTarget "ReportTests" */;
			buildPhases = (
				3635015628A65812009FF856 /* Sources */,
				3635015728A65812009FF856 /* Frameworks */,
				3635015828A65812009FF856 /* Resources */,
			);
			buildRules = (
			);
			dependencies = (
				3635015C28A65812009FF856 /* PBXTargetDependency */,
			);
			name = ReportTests;
			productName = ReportTests;
			productReference = 3635015A28A65812009FF856 /* ReportTests.xctest */;
			productType = "com.apple.product-type.bundle.unit-test";
		};
		3635016328A65812009FF856 /* ReportUITests */ = {
			isa = PBXNativeTarget;
			buildConfigurationList = 3635017428A65812009FF856 /* Build configuration list for PBXNativeTarget "ReportUITests" */;
			buildPhases = (
				3635016028A65812009FF856 /* Sources */,
				3635016128A65812009FF856 /* Frameworks */,
				3635016228A65812009FF856 /* Resources */,
			);
			buildRules = (
			);
			dependencies = (
				3635016628A65812009FF856 /* PBXTargetDependency */,
			);
			name = ReportUITests;
			productName = ReportUITests;
			productReference = 3635016428A65812009FF856 /* ReportUITests.xctest */;
			productType = "com.apple.product-type.bundle.ui-testing";
		};
/* End PBXNativeTarget section */

/* Begin PBXProject section */
		3635013C28A65810009FF856 /* Project object */ = {
			isa = PBXProject;
			attributes = {
				BuildIndependentTargetsInParallel = 1;
				LastSwiftUpdateCheck = 1340;
				LastUpgradeCheck = 1340;
				TargetAttributes = {
					3635014328A65810009FF856 = {
						CreatedOnToolsVersion = 13.4.1;
					};
					3635015928A65812009FF856 = {
						CreatedOnToolsVersion = 13.4.1;
						TestTargetID = 3635014328A65810009FF856;
					};
					3635016328A65812009FF856 = {
						CreatedOnToolsVersion = 13.4.1;
						TestTargetID = 3635014328A65810009FF856;
					};
				};
			};
			buildConfigurationList = 3635013F28A65810009FF856 /* Build configuration list for PBXProject "Report" */;
			compatibilityVersion = "Xcode 13.0";
			developmentRegion = en;
			hasScannedForEncodings = 0;
			knownRegions = (
				en,
				Base,
			);
			mainGroup = 3635013B28A65810009FF856;
			productRefGroup = 3635014528A65810009FF856 /* Products */;
			projectDirPath = "";
			projectRoot = "";
			targets = (
				3635014328A65810009FF856 /* Report */,
				3635015928A65812009FF856 /* ReportTests */,
				3635016328A65812009FF856 /* ReportUITests */,
			);
		};
/* End PBXProject section */

/* Begin PBXResourcesBuildPhase section */
		3635014228A65810009FF856 /* Resources */ = {
			isa = PBXResourcesBuildPhase;
			buildActionMask = 2147483647;
			files = (
				3635015428A65811009FF856 /* LaunchScreen.storyboard in Resources */,
				3635015128A65811009FF856 /* Assets.xcassets in Resources */,
				3635014F28A65810009FF856 /* Main.storyboard in Resources */,
			);
			runOnlyForDeploymentPostprocessing = 0;
		};
		3635015828A65812009FF856 /* Resources */ = {
			isa = PBXResourcesBuildPhase;
			buildActionMask = 2147483647;
			files = (
			);
			runOnlyForDeploymentPostprocessing = 0;
		};
		3635016228A65812009FF856 /* Resources */ = {
			isa = PBXResourcesBuildPhase;
			buildActionMask = 2147483647;
			files = (
			);
			runOnlyForDeploymentPostprocessing = 0;
		};
/* End PBXResourcesBuildPhase section */

/* Begin PBXSourcesBuildPhase section */
		3635014028A65810009FF856 /* Sources */ = {
			isa = PBXSourcesBuildPhase;
			buildActionMask = 2147483647;
			files = (
				3635014C28A65810009FF856 /* ViewController.swift in Sources */,
				3635014828A65810009FF856 /* AppDelegate.swift in Sources */,
				3635014A28A65810009FF856 /* SceneDelegate.swift in Sources */,
			);
			runOnlyForDeploymentPostprocessing = 0;
		};
		3635015628A65812009FF856 /* Sources */ = {
			isa = PBXSourcesBuildPhase;
			buildActionMask = 2147483647;
			files = (
				3635015F28A65812009FF856 /* ReportTests.swift in Sources */,
			);
			runOnlyForDeploymentPostprocessing = 0;
		};
		3635016028A65812009FF856 /* Sources */ = {
			isa = PBXSourcesBuildPhase;
			buildActionMask = 2147483647;
			files = (
				3635016B28A65812009FF856 /* ReportUITestsLaunchTests.swift in Sources */,
				3635016928A65812009FF856 /* ReportUITests.swift in Sources */,
			);
			runOnlyForDeploymentPostprocessing = 0;
		};
/* End PBXSourcesBuildPhase section */

/* Begin PBXTargetDependency section */
		3635015C28A65812009FF856 /* PBXTargetDependency */ = {
			isa = PBXTargetDependency;
			target = 3635014328A65810009FF856 /* Report */;
			targetProxy = 3635015B28A65812009FF856 /* PBXContainerItemProxy */;
		};
		3635016628A65812009FF856 /* PBXTargetDependency */ = {
			isa = PBXTargetDependency;
			target = 3635014328A65810009FF856 /* Report */;
			targetProxy = 3635016528A65812009FF856 /* PBXContainerItemProxy */;
		};
/* End PBXTargetDependency section */

/* Begin PBXVariantGroup section */
		3635014D28A65810009FF856 /* Main.storyboard */ = {
			isa = PBXVariantGroup;
			children = (
				3635014E28A65810009FF856 /* Base */,
			);
			name = Main.storyboard;
			sourceTree = "<group>";
		};
		3635015228A65811009FF856 /* LaunchScreen.storyboard */ = {
			isa = PBXVariantGroup;
			children = (
				3635015328A65811009FF856 /* Base */,
			);
			name = LaunchScreen.storyboard;
			sourceTree = "<group>";
		};
/* End PBXVariantGroup section */

/* Begin XCBuildConfiguration section */
		3635016C28A65812009FF856 /* Debug */ = {
			isa = XCBuildConfiguration;
			buildSettings = {
				ALWAYS_SEARCH_USER_PATHS = NO;
				CLANG_ANALYZER_NONNULL = YES;
				CLANG_ANALYZER_NUMBER_OBJECT_CONVERSION = YES_AGGRESSIVE;
				CLANG_CXX_LANGUAGE_STANDARD = "gnu++17";
				CLANG_ENABLE_MODULES = YES;
				CLANG_ENABLE_OBJC_ARC = YES;
				CLANG_ENABLE_OBJC_WEAK = YES;
				CLANG_WARN_BLOCK_CAPTURE_AUTORELEASING = YES;
				CLANG_WARN_BOOL_CONVERSION = YES;
				CLANG_WARN_COMMA = YES;
				CLANG_WARN_CONSTANT_CONVERSION = YES;
				CLANG_WARN_DEPRECATED_OBJC_IMPLEMENTATIONS = YES;
				CLANG_WARN_DIRECT_OBJC_ISA_USAGE = YES_ERROR;
				CLANG_WARN_DOCUMENTATION_COMMENTS = YES;
				CLANG_WARN_EMPTY_BODY = YES;
				CLANG_WARN_ENUM_CONVERSION = YES;
				CLANG_WARN_INFINITE_RECURSION = YES;
				CLANG_WARN_INT_CONVERSION = YES;
				CLANG_WARN_NON_LITERAL_NULL_CONVERSION = YES;
				CLANG_WARN_OBJC_IMPLICIT_RETAIN_SELF = YES;
				CLANG_WARN_OBJC_LITERAL_CONVERSION = YES;
				CLANG_WARN_OBJC_ROOT_CLASS = YES_ERROR;
				CLANG_WARN_QUOTED_INCLUDE_IN_FRAMEWORK_HEADER = YES;
				CLANG_WARN_RANGE_LOOP_ANALYSIS = YES;
				CLANG_WARN_STRICT_PROTOTYPES = YES;
				CLANG_WARN_SUSPICIOUS_MOVE = YES;
				CLANG_WARN_UNGUARDED_AVAILABILITY = YES_AGGRESSIVE;
				CLANG_WARN_UNREACHABLE_CODE = YES;
				CLANG_WARN__DUPLICATE_METHOD_MATCH = YES;
				COPY_PHASE_STRIP = NO;
				DEBUG_INFORMATION_FORMAT = dwarf;
				ENABLE_STRICT_OBJC_MSGSEND = YES;
				ENABLE_TESTABILITY = YES;
				GCC_C_LANGUAGE_STANDARD = gnu11;
				GCC_DYNAMIC_NO_PIC = NO;
				GCC_NO_COMMON_BLOCKS = YES;
				GCC_OPTIMIZATION_LEVEL = 0;
				GCC_PREPROCESSOR_DEFINITIONS = (
					"DEBUG=1",
					"$(inherited)",
				);
				GCC_WARN_64_TO_32_BIT_CONVERSION = YES;
				GCC_WARN_ABOUT_RETURN_TYPE = YES_ERROR;
				GCC_WARN_UNDECLARED_SELECTOR = YES;
				GCC_WARN_UNINITIALIZED_AUTOS = YES_AGGRESSIVE;
				GCC_WARN_UNUSED_FUNCTION = YES;
				GCC_WARN_UNUSED_VARIABLE = YES;
				IPHONEOS_DEPLOYMENT_TARGET = 15.5;
				MTL_ENABLE_DEBUG_INFO = INCLUDE_SOURCE;
				MTL_FAST_MATH = YES;
				ONLY_ACTIVE_ARCH = YES;
				SDKROOT = iphoneos;
				SWIFT_ACTIVE_COMPILATION_CONDITIONS = DEBUG;
				SWIFT_OPTIMIZATION_LEVEL = "-Onone";
			};
			name = Debug;
		};
		3635016D28A65812009FF856 /* Release */ = {
			isa = XCBuildConfiguration;
			buildSettings = {
				ALWAYS_SEARCH_USER_PATHS = NO;
				CLANG_ANALYZER_NONNULL = YES;
				CLANG_ANALYZER_NUMBER_OBJECT_CONVERSION = YES_AGGRESSIVE;
				CLANG_CXX_LANGUAGE_STANDARD = "gnu++17";
				CLANG_ENABLE_MODULES = YES;
				CLANG_ENABLE_OBJC_ARC = YES;
				CLANG_ENABLE_OBJC_WEAK = YES;
				CLANG_WARN_BLOCK_CAPTURE_AUTORELEASING = YES;
				CLANG_WARN_BOOL_CONVERSION = YES;
				CLANG_WARN_COMMA = YES;
				CLANG_WARN_CONSTANT_CONVERSION = YES;
				CLANG_WARN_DEPRECATED_OBJC_IMPLEMENTATIONS = YES;
				CLANG_WARN_DIRECT_OBJC_ISA_USAGE = YES_ERROR;
				CLANG_WARN_DOCUMENTATION_COMMENTS = YES;
				CLANG_WARN_EMPTY_BODY = YES;
				CLANG_WARN_ENUM_CONVERSION = YES;
				CLANG_WARN_INFINITE_RECURSION = YES;
				CLANG_WARN_INT_CONVERSION = YES;
				CLANG_WARN_NON_LITERAL_NULL_CONVERSION = YES;
				CLANG_WARN_OBJC_IMPLICIT_RETAIN_SELF = YES;
				CLANG_WARN_OBJC_LITERAL_CONVERSION = YES;
				CLANG_WARN_OBJC_ROOT_CLASS = YES_ERROR;
				CLANG_WARN_QUOTED_INCLUDE_IN_FRAMEWORK_HEADER = YES;
				CLANG_WARN_RANGE_LOOP_ANALYSIS = YES;
				CLANG_WARN_STRICT_PROTOTYPES = YES;
				CLANG_WARN_SUSPICIOUS_MOVE = YES;
				CLANG_WARN_UNGUARDED_AVAILABILITY = YES_AGGRESSIVE;
				CLANG_WARN_UNREACHABLE_CODE = YES;
				CLANG_WARN__DUPLICATE_METHOD_MATCH = YES;
				COPY_PHASE_STRIP = NO;
				DEBUG_INFORMATION_FORMAT = "dwarf-with-dsym";
				ENABLE_NS_ASSERTIONS = NO;
				ENABLE_STRICT_OBJC_MSGSEND = YES;
				GCC_C_LANGUAGE_STANDARD = gnu11;
				GCC_NO_COMMON_BLOCKS = YES;
				GCC_WARN_64_TO_32_BIT_CONVERSION = YES;
				GCC_WARN_ABOUT_RETURN_TYPE = YES_ERROR;
				GCC_WARN_UNDECLARED_SELECTOR = YES;
				GCC_WARN_UNINITIALIZED_AUTOS = YES_AGGRESSIVE;
				GCC_WARN_UNUSED_FUNCTION = YES;
				GCC_WARN_UNUSED_VARIABLE = YES;
				IPHONEOS_DEPLOYMENT_TARGET = 15.5;
				MTL_ENABLE_DEBUG_INFO = NO;
				MTL_FAST_MATH = YES;
				SDKROOT = iphoneos;
				SWIFT_COMPILATION_MODE = wholemodule;
				SWIFT_OPTIMIZATION_LEVEL = "-O";
				VALIDATE_PRODUCT = YES;
			};
			name = Release;
		};
		3635016F28A65812009FF856 /* Debug */ = {
			isa = XCBuildConfiguration;
			buildSettings = {
				ASSETCATALOG_COMPILER_APPICON_NAME = AppIcon;
				ASSETCATALOG_COMPILER_GLOBAL_ACCENT_COLOR_NAME = AccentColor;
				CODE_SIGN_STYLE = Automatic;
				CURRENT_PROJECT_VERSION = 1;
				DEVELOPMENT_TEAM = NZT54R9366;
				GENERATE_INFOPLIST_FILE = YES;
				INFOPLIST_FILE = Report/Info.plist;
				INFOPLIST_KEY_UIApplicationSupportsIndirectInputEvents = YES;
				INFOPLIST_KEY_UILaunchStoryboardName = LaunchScreen;
				INFOPLIST_KEY_UIMainStoryboardFile = Main;
				INFOPLIST_KEY_UISupportedInterfaceOrientations_iPad = "UIInterfaceOrientationPortrait UIInterfaceOrientationPortraitUpsideDown UIInterfaceOrientationLandscapeLeft UIInterfaceOrientationLandscapeRight";
				INFOPLIST_KEY_UISupportedInterfaceOrientations_iPhone = "UIInterfaceOrientationPortrait UIInterfaceOrientationLandscapeLeft UIInterfaceOrientationLandscapeRight";
				LD_RUNPATH_SEARCH_PATHS = (
					"$(inherited)",
					"@executable_path/Frameworks",
				);
				MARKETING_VERSION = 1.0;
				PRODUCT_BUNDLE_IDENTIFIER = tw.com.ehun.Report.Report;
				PRODUCT_NAME = "$(TARGET_NAME)";
				SWIFT_EMIT_LOC_STRINGS = YES;
				SWIFT_VERSION = 5.0;
				TARGETED_DEVICE_FAMILY = "1,2";
			};
			name = Debug;
		};
		3635017028A65812009FF856 /* Release */ = {
			isa = XCBuildConfiguration;
			buildSettings = {
				ASSETCATALOG_COMPILER_APPICON_NAME = AppIcon;
				ASSETCATALOG_COMPILER_GLOBAL_ACCENT_COLOR_NAME = AccentColor;
				CODE_SIGN_STYLE = Automatic;
				CURRENT_PROJECT_VERSION = 1;
				DEVELOPMENT_TEAM = NZT54R9366;
				GENERATE_INFOPLIST_FILE = YES;
				INFOPLIST_FILE = Report/Info.plist;
				INFOPLIST_KEY_UIApplicationSupportsIndirectInputEvents = YES;
				INFOPLIST_KEY_UILaunchStoryboardName = LaunchScreen;
				INFOPLIST_KEY_UIMainStoryboardFile = Main;
				INFOPLIST_KEY_UISupportedInterfaceOrientations_iPad = "UIInterfaceOrientationPortrait UIInterfaceOrientationPortraitUpsideDown UIInterfaceOrientationLandscapeLeft UIInterfaceOrientationLandscapeRight";
				INFOPLIST_KEY_UISupportedInterfaceOrientations_iPhone = "UIInterfaceOrientationPortrait UIInterfaceOrientationLandscapeLeft UIInterfaceOrientationLandscapeRight";
				LD_RUNPATH_SEARCH_PATHS = (
					"$(inherited)",
					"@executable_path/Frameworks",
				);
				MARKETING_VERSION = 1.0;
				PRODUCT_BUNDLE_IDENTIFIER = tw.com.ehun.Report.Report;
				PRODUCT_NAME = "$(TARGET_NAME)";
				SWIFT_EMIT_LOC_STRINGS = YES;
				SWIFT_VERSION = 5.0;
				TARGETED_DEVICE_FAMILY = "1,2";
			};
			name = Release;
		};
		3635017228A65812009FF856 /* Debug */ = {
			isa = XCBuildConfiguration;
			buildSettings = {
				ALWAYS_EMBED_SWIFT_STANDARD_LIBRARIES = YES;
				BUNDLE_LOADER = "$(TEST_HOST)";
				CODE_SIGN_STYLE = Automatic;
				CURRENT_PROJECT_VERSION = 1;
				DEVELOPMENT_TEAM = NZT54R9366;
				GENERATE_INFOPLIST_FILE = YES;
				IPHONEOS_DEPLOYMENT_TARGET = 15.5;
				MARKETING_VERSION = 1.0;
				PRODUCT_BUNDLE_IDENTIFIER = tw.com.ehun.Report.ReportTests;
				PRODUCT_NAME = "$(TARGET_NAME)";
				SWIFT_EMIT_LOC_STRINGS = NO;
				SWIFT_VERSION = 5.0;
				TARGETED_DEVICE_FAMILY = "1,2";
				TEST_HOST = "$(BUILT_PRODUCTS_DIR)/Report.app/Report";
			};
			name = Debug;
		};
		3635017328A65812009FF856 /* Release */ = {
			isa = XCBuildConfiguration;
			buildSettings = {
				ALWAYS_EMBED_SWIFT_STANDARD_LIBRARIES = YES;
				BUNDLE_LOADER = "$(TEST_HOST)";
				CODE_SIGN_STYLE = Automatic;
				CURRENT_PROJECT_VERSION = 1;
				DEVELOPMENT_TEAM = NZT54R9366;
				GENERATE_INFOPLIST_FILE = YES;
				IPHONEOS_DEPLOYMENT_TARGET = 15.5;
				MARKETING_VERSION = 1.0;
				PRODUCT_BUNDLE_IDENTIFIER = tw.com.ehun.Report.ReportTests;
				PRODUCT_NAME = "$(TARGET_NAME)";
				SWIFT_EMIT_LOC_STRINGS = NO;
				SWIFT_VERSION = 5.0;
				TARGETED_DEVICE_FAMILY = "1,2";
				TEST_HOST = "$(BUILT_PRODUCTS_DIR)/Report.app/Report";
			};
			name = Release;
		};
		3635017528A65812009FF856 /* Debug */ = {
			isa = XCBuildConfiguration;
			buildSettings = {
				ALWAYS_EMBED_SWIFT_STANDARD_LIBRARIES = YES;
				CODE_SIGN_STYLE = Automatic;
				CURRENT_PROJECT_VERSION = 1;
				DEVELOPMENT_TEAM = NZT54R9366;
				GENERATE_INFOPLIST_FILE = YES;
				MARKETING_VERSION = 1.0;
				PRODUCT_BUNDLE_IDENTIFIER = tw.com.ehun.Report.ReportUITests;
				PRODUCT_NAME = "$(TARGET_NAME)";
				SWIFT_EMIT_LOC_STRINGS = NO;
				SWIFT_VERSION = 5.0;
				TARGETED_DEVICE_FAMILY = "1,2";
				TEST_TARGET_NAME = Report;
			};
			name = Debug;
		};
		3635017628A65812009FF856 /* Release */ = {
			isa = XCBuildConfiguration;
			buildSettings = {
				ALWAYS_EMBED_SWIFT_STANDARD_LIBRARIES = YES;
				CODE_SIGN_STYLE = Automatic;
				CURRENT_PROJECT_VERSION = 1;
				DEVELOPMENT_TEAM = NZT54R9366;
				GENERATE_INFOPLIST_FILE = YES;
				MARKETING_VERSION = 1.0;
				PRODUCT_BUNDLE_IDENTIFIER = tw.com.ehun.Report.ReportUITests;
				PRODUCT_NAME = "$(TARGET_NAME)";
				SWIFT_EMIT_LOC_STRINGS = NO;
				SWIFT_VERSION = 5.0;
				TARGETED_DEVICE_FAMILY = "1,2";
				TEST_TARGET_NAME = Report;
			};
			name = Release;
		};
/* End XCBuildConfiguration section */

/* Begin XCConfigurationList section */
		3635013F28A65810009FF856 /* Build configuration list for PBXProject "Report" */ = {
			isa = XCConfigurationList;
			buildConfigurations = (
				3635016C28A65812009FF856 /* Debug */,
				3635016D28A65812009FF856 /* Release */,
			);
			defaultConfigurationIsVisible = 0;
			defaultConfigurationName = Release;
		};
		3635016E28A65812009FF856 /* Build configuration list for PBXNativeTarget "Report" */ = {
			isa = XCConfigurationList;
			buildConfigurations = (
				3635016F28A65812009FF856 /* Debug */,
				3635017028A65812009FF856 /* Release */,
			);
			defaultConfigurationIsVisible = 0;
			defaultConfigurationName = Release;
		};
		3635017128A65812009FF856 /* Build configuration list for PBXNativeTarget "ReportTests" */ = {
			isa = XCConfigurationList;
			buildConfigurations = (
				3635017228A65812009FF856 /* Debug */,
				3635017328A65812009FF856 /* Release */,
			);
			defaultConfigurationIsVisible = 0;
			defaultConfigurationName = Release;
		};
		3635017428A65812009FF856 /* Build configuration list for PBXNativeTarget "ReportUITests" */ = {
			isa = XCConfigurationList;
			buildConfigurations = (
				3635017528A65812009FF856 /* Debug */,
				3635017628A65812009FF856 /* Release */,
			);
			defaultConfigurationIsVisible = 0;
			defaultConfigurationName = Release;
		};
/* End XCConfigurationList section */
	};
	rootObject = 3635013C28A65810009FF856 /* Project object */;
}
